
Microsoft Visual Studio Solution File, Format Version 12.00
# Visual Studio Version 16
VisualStudioVersion = 16.0.31605.320
MinimumVisualStudioVersion = 10.0.40219.1
Project("{FAE04EC0-301F-11D3-BF4B-00C04F79EFBC}") = "XamarinHtmlEditor.UWP", "XamarinHtmlEditor\XamarinHtmlEditor.UWP\XamarinHtmlEditor.UWP.csproj", "{FF984D89-6075-4393-B1DA-6237DF178E44}"
EndProject
Project("{FAE04EC0-301F-11D3-BF4B-00C04F79EFBC}") = "XamarinHtmlEditor.Android", "XamarinHtmlEditor\XamarinHtmlEditor.Android\XamarinHtmlEditor.Android.csproj", "{EA388762-70AC-4AED-8B38-F763D9B7C8D6}"
EndProject
Project("{FAE04EC0-301F-11D3-BF4B-00C04F79EFBC}") = "XamarinHtmlEditor.iOS", "XamarinHtmlEditor\XamarinHtmlEditor.iOS\XamarinHtmlEditor.iOS.csproj", "{2DCA4F77-30C8-4D51-9E5E-45080B89E7A8}"
EndProject
Project("{FAE04EC0-301F-11D3-BF4B-00C04F79EFBC}") = "XamarinHtmlEditor", "XamarinHtmlEditor\XamarinHtmlEditor\XamarinHtmlEditor.csproj", "{223020E6-8588-41A5-90DB-98E2DCA631E6}"
EndProject
Global
	GlobalSection(SolutionConfigurationPlatforms) = preSolution
		Debug|Any CPU = Debug|Any CPU
		Debug|ARM = Debug|ARM
		Debug|iPhone = Debug|iPhone
		Debug|iPhoneSimulator = Debug|iPhoneSimulator
		Debug|x64 = Debug|x64
		Debug|x86 = Debug|x86
		Release|Any CPU = Release|Any CPU
		Release|ARM = Release|ARM
		Release|iPhone = Release|iPhone
		Release|iPhoneSimulator = Release|iPhoneSimulator
		Release|x64 = Release|x64
		Release|x86 = Release|x86
	EndGlobalSection
	GlobalSection(ProjectConfigurationPlatforms) = postSolution
		{FF984D89-6075-4393-B1DA-6237DF178E44}.Debug|Any CPU.ActiveCfg = Debug|x86
		{FF984D89-6075-4393-B1DA-6237DF178E44}.Debug|Any CPU.Build.0 = Debug|x86
		{FF984D89-6075-4393-B1DA-6237DF178E44}.Debug|Any CPU.Deploy.0 = Debug|x86
		{FF984D89-6075-4393-B1DA-6237DF178E44}.Debug|ARM.ActiveCfg = Debug|ARM
		{FF984D89-6075-4393-B1DA-6237DF178E44}.Debug|ARM.Build.0 = Debug|ARM
		{FF984D89-6075-4393-B1DA-6237DF178E44}.Debug|ARM.Deploy.0 = Debug|ARM
		{FF984D89-6075-4393-B1DA-6237DF178E44}.Debug|iPhone.ActiveCfg = Debug|x86
		{FF984D89-6075-4393-B1DA-6237DF178E44}.Debug|iPhone.Build.0 = Debug|x86
		{FF984D89-6075-4393-B1DA-6237DF178E44}.Debug|iPhone.Deploy.0 = Debug|x86
		{FF984D89-6075-4393-B1DA-6237DF178E44}.Debug|iPhoneSimulator.ActiveCfg = Debug|x86
		{FF984D89-6075-4393-B1DA-6237DF178E44}.Debug|iPhoneSimulator.Build.0 = Debug|x86
		{FF984D89-6075-4393-B1DA-6237DF178E44}.Debug|iPhoneSimulator.Deploy.0 = Debug|x86
		{FF984D89-6075-4393-B1DA-6237DF178E44}.Debug|x64.ActiveCfg = Debug|x64
		{FF984D89-6075-4393-B1DA-6237DF178E44}.Debug|x64.Build.0 = Debug|x64
		{FF984D89-6075-4393-B1DA-6237DF178E44}.Debug|x64.Deploy.0 = Debug|x64
		{FF984D89-6075-4393-B1DA-6237DF178E44}.Debug|x86.ActiveCfg = Debug|x86
		{FF984D89-6075-4393-B1DA-6237DF178E44}.Debug|x86.Build.0 = Debug|x86
		{FF984D89-6075-4393-B1DA-6237DF178E44}.Debug|x86.Deploy.0 = Debug|x86
		{FF984D89-6075-4393-B1DA-6237DF178E44}.Release|Any CPU.ActiveCfg = Release|x86
		{FF984D89-6075-4393-B1DA-6237DF178E44}.Release|Any CPU.Build.0 = Release|x86
		{FF984D89-6075-4393-B1DA-6237DF178E44}.Release|Any CPU.Deploy.0 = Release|x86
		{FF984D89-6075-4393-B1DA-6237DF178E44}.Release|ARM.ActiveCfg = Release|ARM
		{FF984D89-6075-4393-B1DA-6237DF178E44}.Release|ARM.Build.0 = Release|ARM
		{FF984D89-6075-4393-B1DA-6237DF178E44}.Release|ARM.Deploy.0 = Release|ARM
		{FF984D89-6075-4393-B1DA-6237DF178E44}.Release|iPhone.ActiveCfg = Release|x86
		{FF984D89-6075-4393-B1DA-6237DF178E44}.Release|iPhone.Build.0 = Release|x86
		{FF984D89-6075-4393-B1DA-6237DF178E44}.Release|iPhone.Deploy.0 = Release|x86
		{FF984D89-6075-4393-B1DA-6237DF178E44}.Release|iPhoneSimulator.ActiveCfg = Release|x86
		{FF984D89-6075-4393-B1DA-6237DF178E44}.Release|iPhoneSimulator.Build.0 = Release|x86
		{FF984D89-6075-4393-B1DA-6237DF178E44}.Release|iPhoneSimulator.Deploy.0 = Release|x86
		{FF984D89-6075-4393-B1DA-6237DF178E44}.Release|x64.ActiveCfg = Release|x64
		{FF984D89-6075-4393-B1DA-6237DF178E44}.Release|x64.Build.0 = Release|x64
		{FF984D89-6075-4393-B1DA-6237DF178E44}.Release|x64.Deploy.0 = Release|x64
		{FF984D89-6075-4393-B1DA-6237DF178E44}.Release|x86.ActiveCfg = Release|x86
		{FF984D89-6075-4393-B1DA-6237DF178E44}.Release|x86.Build.0 = Release|x86
		{FF984D89-6075-4393-B1DA-6237DF178E44}.Release|x86.Deploy.0 = Release|x86
		{EA388762-70AC-4AED-8B38-F763D9B7C8D6}.Debug|Any CPU.ActiveCfg = Debug|Any CPU
		{EA388762-70AC-4AED-8B38-F763D9B7C8D6}.Debug|Any CPU.Build.0 = Debug|Any CPU
		{EA388762-70AC-4AED-8B38-F763D9B7C8D6}.Debug|Any CPU.Deploy.0 = Debug|Any CPU
		{EA388762-70AC-4AED-8B38-F763D9B7C8D6}.Debug|ARM.ActiveCfg = Debug|Any CPU
		{EA388762-70AC-4AED-8B38-F763D9B7C8D6}.Debug|ARM.Build.0 = Debug|Any CPU
		{EA388762-70AC-4AED-8B38-F763D9B7C8D6}.Debug|ARM.Deploy.0 = Debug|Any CPU
		{EA388762-70AC-4AED-8B38-F763D9B7C8D6}.Debug|iPhone.ActiveCfg = Debug|Any CPU
		{EA388762-70AC-4AED-8B38-F763D9B7C8D6}.Debug|iPhone.Build.0 = Debug|Any CPU
		{EA388762-70AC-4AED-8B38-F763D9B7C8D6}.Debug|iPhone.Deploy.0 = Debug|Any CPU
		{EA388762-70AC-4AED-8B38-F763D9B7C8D6}.Debug|iPhoneSimulator.ActiveCfg = Debug|Any CPU
		{EA388762-70AC-4AED-8B38-F763D9B7C8D6}.Debug|iPhoneSimulator.Build.0 = Debug|Any CPU
		{EA388762-70AC-4AED-8B38-F763D9B7C8D6}.Debug|iPhoneSimulator.Deploy.0 = Debug|Any CPU
		{EA388762-70AC-4AED-8B38-F763D9B7C8D6}.Debug|x64.ActiveCfg = Debug|Any CPU
		{EA388762-70AC-4AED-8B38-F763D9B7C8D6}.Debug|x64.Build.0 = Debug|Any CPU
		{EA388762-70AC-4AED-8B38-F763D9B7C8D6}.Debug|x64.Deploy.0 = Debug|Any CPU
		{EA388762-70AC-4AED-8B38-F763D9B7C8D6}.Debug|x86.ActiveCfg = Debug|Any CPU
		{EA388762-70AC-4AED-8B38-F763D9B7C8D6}.Debug|x86.Build.0 = Debug|Any CPU
		{EA388762-70AC-4AED-8B38-F763D9B7C8D6}.Debug|x86.Deploy.0 = Debug|Any CPU
		{EA388762-70AC-4AED-8B38-F763D9B7C8D6}.Release|Any CPU.ActiveCfg = Release|Any CPU
		{EA388762-70AC-4AED-8B38-F763D9B7C8D6}.Release|Any CPU.Build.0 = Release|Any CPU
		{EA388762-70AC-4AED-8B38-F763D9B7C8D6}.Release|Any CPU.Deploy.0 = Release|Any CPU
		{EA388762-70AC-4AED-8B38-F763D9B7C8D6}.Release|ARM.ActiveCfg = Release|Any CPU
		{EA388762-70AC-4AED-8B38-F763D9B7C8D6}.Release|ARM.Build.0 = Release|Any CPU
		{EA388762-70AC-4AED-8B38-F763D9B7C8D6}.Release|ARM.Deploy.0 = Release|Any CPU
		{EA388762-70AC-4AED-8B38-F763D9B7C8D6}.Release|iPhone.ActiveCfg = Release|Any CPU
		{EA388762-70AC-4AED-8B38-F763D9B7C8D6}.Release|iPhone.Build.0 = Release|Any CPU
		{EA388762-70AC-4AED-8B38-F763D9B7C8D6}.Release|iPhone.Deploy.0 = Release|Any CPU
		{EA388762-70AC-4AED-8B38-F763D9B7C8D6}.Release|iPhoneSimulator.ActiveCfg = Release|Any CPU
		{EA388762-70AC-4AED-8B38-F763D9B7C8D6}.Release|iPhoneSimulator.Build.0 = Release|Any CPU
		{EA388762-70AC-4AED-8B38-F763D9B7C8D6}.Release|iPhoneSimulator.Deploy.0 = Release|Any CPU
		{EA388762-70AC-4AED-8B38-F763D9B7C8D6}.Release|x64.ActiveCfg = Release|Any CPU
		{EA388762-70AC-4AED-8B38-F763D9B7C8D6}.Release|x64.Build.0 = Release|Any CPU
		{EA388762-70AC-4AED-8B38-F763D9B7C8D6}.Release|x64.Deploy.0 = Release|Any CPU
		{EA388762-70AC-4AED-8B38-F763D9B7C8D6}.Release|x86.ActiveCfg = Release|Any CPU
		{EA388762-70AC-4AED-8B38-F763D9B7C8D6}.Release|x86.Build.0 = Release|Any CPU
		{EA388762-70AC-4AED-8B38-F763D9B7C8D6}.Release|x86.Deploy.0 = Release|Any CPU
		{2DCA4F77-30C8-4D51-9E5E-45080B89E7A8}.Debug|Any CPU.ActiveCfg = Debug|iPhoneSimulator
		{2DCA4F77-30C8-4D51-9E5E-45080B89E7A8}.Debug|Any CPU.Build.0 = Debug|iPhoneSimulator
		{2DCA4F77-30C8-4D51-9E5E-45080B89E7A8}.Debug|Any CPU.Deploy.0 = Debug|iPhoneSimulator
		{2DCA4F77-30C8-4D51-9E5E-45080B89E7A8}.Debug|ARM.ActiveCfg = Debug|iPhone
		{2DCA4F77-30C8-4D51-9E5E-45080B89E7A8}.Debug|ARM.Build.0 = Debug|iPhone
		{2DCA4F77-30C8-4D51-9E5E-45080B89E7A8}.Debug|ARM.Deploy.0 = Debug|iPhone
		{2DCA4F77-30C8-4D51-9E5E-45080B89E7A8}.Debug|iPhone.ActiveCfg = Debug|iPhone
		{2DCA4F77-30C8-4D51-9E5E-45080B89E7A8}.Debug|iPhone.Build.0 = Debug|iPhone
		{2DCA4F77-30C8-4D51-9E5E-45080B89E7A8}.Debug|iPhone.Deploy.0 = Debug|iPhone
		{2DCA4F77-30C8-4D51-9E5E-45080B89E7A8}.Debug|iPhoneSimulator.ActiveCfg = Debug|iPhoneSimulator
		{2DCA4F77-30C8-4D51-9E5E-45080B89E7A8}.Debug|iPhoneSimulator.Build.0 = Debug|iPhoneSimulator
		{2DCA4F77-30C8-4D51-9E5E-45080B89E7A8}.Debug|iPhoneSimulator.Deploy.0 = Debug|iPhoneSimulator
		{2DCA4F77-30C8-4D51-9E5E-45080B89E7A8}.Debug|x64.ActiveCfg = Debug|iPhoneSimulator
		{2DCA4F77-30C8-4D51-9E5E-45080B89E7A8}.Debug|x64.Build.0 = Debug|iPhoneSimulator
		{2DCA4F77-30C8-4D51-9E5E-45080B89E7A8}.Debug|x64.Deploy.0 = Debug|iPhoneSimulator
		{2DCA4F77-30C8-4D51-9E5E-45080B89E7A8}.Debug|x86.ActiveCfg = Debug|iPhoneSimulator
		{2DCA4F77-30C8-4D51-9E5E-45080B89E7A8}.Debug|x86.Build.0 = Debug|iPhoneSimulator
		{2DCA4F77-30C8-4D51-9E5E-45080B89E7A8}.Debug|x86.Deploy.0 = Debug|iPhoneSimulator
		{2DCA4F77-30C8-4D51-9E5E-45080B89E7A8}.Release|Any CPU.ActiveCfg = Release|iPhoneSimulator
		{2DCA4F77-30C8-4D51-9E5E-45080B89E7A8}.Release|Any CPU.Build.0 = Release|iPhoneSimulator
		{2DCA4F77-30C8-4D51-9E5E-45080B89E7A8}.Release|Any CPU.Deploy.0 = Release|iPhoneSimulator
		{2DCA4F77-30C8-4D51-9E5E-45080B89E7A8}.Release|ARM.ActiveCfg = Release|iPhoneSimulator
		{2DCA4F77-30C8-4D51-9E5E-45080B89E7A8}.Release|ARM.Build.0 = Release|iPhoneSimulator
		{2DCA4F77-30C8-4D51-9E5E-45080B89E7A8}.Release|ARM.Deploy.0 = Release|iPhoneSimulator
		{2DCA4F77-30C8-4D51-9E5E-45080B89E7A8}.Release|iPhone.ActiveCfg = Release|iPhone
		{2DCA4F77-30C8-4D51-9E5E-45080B89E7A8}.Release|iPhone.Build.0 = Release|iPhone
		{2DCA4F77-30C8-4D51-9E5E-45080B89E7A8}.Release|iPhone.Deploy.0 = Release|iPhone
		{2DCA4F77-30C8-4D51-9E5E-45080B89E7A8}.Release|iPhoneSimulator.ActiveCfg = Release|iPhoneSimulator
		{2DCA4F77-30C8-4D51-9E5E-45080B89E7A8}.Release|iPhoneSimulator.Build.0 = Release|iPhoneSimulator
		{2DCA4F77-30C8-4D51-9E5E-45080B89E7A8}.Release|iPhoneSimulator.Deploy.0 = Release|iPhoneSimulator
		{2DCA4F77-30C8-4D51-9E5E-45080B89E7A8}.Release|x64.ActiveCfg = Release|iPhoneSimulator
		{2DCA4F77-30C8-4D51-9E5E-45080B89E7A8}.Release|x64.Build.0 = Release|iPhoneSimulator
		{2DCA4F77-30C8-4D51-9E5E-45080B89E7A8}.Release|x64.Deploy.0 = Release|iPhoneSimulator
		{2DCA4F77-30C8-4D51-9E5E-45080B89E7A8}.Release|x86.ActiveCfg = Release|iPhoneSimulator
		{2DCA4F77-30C8-4D51-9E5E-45080B89E7A8}.Release|x86.Build.0 = Release|iPhoneSimulator
		{2DCA4F77-30C8-4D51-9E5E-45080B89E7A8}.Release|x86.Deploy.0 = Release|iPhoneSimulator
		{223020E6-8588-41A5-90DB-98E2DCA631E6}.Debug|Any CPU.ActiveCfg = Debug|Any CPU
		{223020E6-8588-41A5-90DB-98E2DCA631E6}.Debug|Any CPU.Build.0 = Debug|Any CPU
		{223020E6-8588-41A5-90DB-98E2DCA631E6}.Debug|Any CPU.Deploy.0 = Debug|Any CPU
		{223020E6-8588-41A5-90DB-98E2DCA631E6}.Debug|ARM.ActiveCfg = Debug|Any CPU
		{223020E6-8588-41A5-90DB-98E2DCA631E6}.Debug|ARM.Build.0 = Debug|Any CPU
		{223020E6-8588-41A5-90DB-98E2DCA631E6}.Debug|ARM.Deploy.0 = Debug|Any CPU
		{223020E6-8588-41A5-90DB-98E2DCA631E6}.Debug|iPhone.ActiveCfg = Debug|Any CPU
		{223020E6-8588-41A5-90DB-98E2DCA631E6}.Debug|iPhone.Build.0 = Debug|Any CPU
		{223020E6-8588-41A5-90DB-98E2DCA631E6}.Debug|iPhone.Deploy.0 = Debug|Any CPU
		{223020E6-8588-41A5-90DB-98E2DCA631E6}.Debug|iPhoneSimulator.ActiveCfg = Debug|Any CPU
		{223020E6-8588-41A5-90DB-98E2DCA631E6}.Debug|iPhoneSimulator.Build.0 = Debug|Any CPU
		{223020E6-8588-41A5-90DB-98E2DCA631E6}.Debug|iPhoneSimulator.Deploy.0 = Debug|Any CPU
		{223020E6-8588-41A5-90DB-98E2DCA631E6}.Debug|x64.ActiveCfg = Debug|Any CPU
		{223020E6-8588-41A5-90DB-98E2DCA631E6}.Debug|x64.Build.0 = Debug|Any CPU
		{223020E6-8588-41A5-90DB-98E2DCA631E6}.Debug|x64.Deploy.0 = Debug|Any CPU
		{223020E6-8588-41A5-90DB-98E2DCA631E6}.Debug|x86.ActiveCfg = Debug|Any CPU
		{223020E6-8588-41A5-90DB-98E2DCA631E6}.Debug|x86.Build.0 = Debug|Any CPU
		{223020E6-8588-41A5-90DB-98E2DCA631E6}.Debug|x86.Deploy.0 = Debug|Any CPU
		{223020E6-8588-41A5-90DB-98E2DCA631E6}.Release|Any CPU.ActiveCfg = Release|Any CPU
		{223020E6-8588-41A5-90DB-98E2DCA631E6}.Release|Any CPU.Build.0 = Release|Any CPU
		{223020E6-8588-41A5-90DB-98E2DCA631E6}.Release|Any CPU.Deploy.0 = Release|Any CPU
		{223020E6-8588-41A5-90DB-98E2DCA631E6}.Release|ARM.ActiveCfg = Release|Any CPU
		{223020E6-8588-41A5-90DB-98E2DCA631E6}.Release|ARM.Build.0 = Release|Any CPU
		{223020E6-8588-41A5-90DB-98E2DCA631E6}.Release|ARM.Deploy.0 = Release|Any CPU
		{223020E6-8588-41A5-90DB-98E2DCA631E6}.Release|iPhone.ActiveCfg = Release|Any CPU
		{223020E6-8588-41A5-90DB-98E2DCA631E6}.Release|iPhone.Build.0 = Release|Any CPU
		{223020E6-8588-41A5-90DB-98E2DCA631E6}.Release|iPhone.Deploy.0 = Release|Any CPU
		{223020E6-8588-41A5-90DB-98E2DCA631E6}.Release|iPhoneSimulator.ActiveCfg = Release|Any CPU
		{223020E6-8588-41A5-90DB-98E2DCA631E6}.Release|iPhoneSimulator.Build.0 = Release|Any CPU
		{223020E6-8588-41A5-90DB-98E2DCA631E6}.Release|iPhoneSimulator.Deploy.0 = Release|Any CPU
		{223020E6-8588-41A5-90DB-98E2DCA631E6}.Release|x64.ActiveCfg = Release|Any CPU
		{223020E6-8588-41A5-90DB-98E2DCA631E6}.Release|x64.Build.0 = Release|Any CPU
		{223020E6-8588-41A5-90DB-98E2DCA631E6}.Release|x64.Deploy.0 = Release|Any CPU
		{223020E6-8588-41A5-90DB-98E2DCA631E6}.Release|x86.ActiveCfg = Release|Any CPU
		{223020E6-8588-41A5-90DB-98E2DCA631E6}.Release|x86.Build.0 = Release|Any CPU
		{223020E6-8588-41A5-90DB-98E2DCA631E6}.Release|x86.Deploy.0 = Release|Any CPU
	EndGlobalSection
	GlobalSection(SolutionProperties) = preSolution
		HideSolutionNode = FALSE
	EndGlobalSection
	GlobalSection(ExtensibilityGlobals) = postSolution
		SolutionGuid = {96962A79-5186-49C1-B231-1966D9EDB1F3}
	EndGlobalSection
EndGlobal
